<?xml version="1.0" encoding="utf-8"?>
<Project ToolsVersion="4.0" xmlns="http://schemas.microsoft.com/developer/msbuild/2003">
  <ItemGroup>
    <ClCompile Include="..\..\imgui.cpp" />
    <ClCompile Include="..\..\imgui_demo.cpp" />
    <ClCompile Include="..\..\imgui_draw.cpp" />
    <ClCompile Include="..\..\imgui_tables.cpp" />
    <ClCompile Include="..\..\imgui_widgets.cpp" />
    <ClCompile Include="..\..\backends\imgui_impl_dx11.cpp" />
    <ClCompile Include="..\..\backends\imgui_impl_win32.cpp" />
    <ClCompile Include="ImHelpers.cpp" />
    <ClCompile Include="Discord Protector.cpp" />
  </ItemGroup>
  <ItemGroup>
    <ClInclude Include="..\..\imconfig.h" />
    <ClInclude Include="..\..\imgui.h" />
    <ClInclude Include="..\..\imgui_internal.h" />
    <ClInclude Include="..\..\backends\imgui_impl_dx11.h" />
    <ClInclude Include="..\..\backends\imgui_impl_win32.h" />
    <ClInclude Include="ImHelpers.h" />
    <ClInclude Include="xor.hpp" />
  </ItemGroup>
  <ItemGroup>
    <None Include="..\..\misc\natvis\imgui.natvis" />
  </ItemGroup>
  <ItemGroup>
    <Filter Include="Utils">
      <UniqueIdentifier>{bd881e7e-5fab-4c2d-a37f-7123a9515877}</UniqueIdentifier>
    </Filter>
  </ItemGroup>
</Project>